{
  "nodes": {
    "nixpkgs": {
      "locked": {
        "lastModified": 1781361177,
        "narHash": "sha256-Sr2jteBNL3lqySVbUJitq1nQ0IN8lS0/4lisL98lHa8=",
        "owner": "NixOS",
        "repo": "nixpkgs",
        "rev": "4075084799e3b017552a3860291fa80065fb8018",
        "type": "github"
      },
      "original": {
        "owner": "NixOS",
        "repo": "nixpkgs",
        "type": "github"
      }
    },
    "root": {
      "inputs": {
        "nixpkgs": "nixpkgs"
      }
    }
  },
  "root": "root",
  "version": 7
}
