{
  "nodes": {
    "nixpkgs": {
      "locked": {
        "lastModified": 1790830400,
        "narHash": "sha256-sFBXwlP5uPWOsiItAOx87pb24lGUOCS06zSLIyyVGVw=",
        "owner": "NixOS",
        "repo": "nixpkgs",
        "rev": "6f1f32a0aa1680ce0d8eadeb1cc1377e6666cb6d",
        "type": "github"
      },
      "original": {
        "owner": "NixOS",
        "repo": "nixpkgs",
        "type": "github"
      }
    },
    "root": {
      "inputs": {
        "nixpkgs": "nixpkgs"
      }
    }
  },
  "root": "root",
  "version": 7
}
