{
  "nodes": {
    "nixpkgs": {
      "locked": {
        "lastModified": 1782409516,
        "narHash": "sha256-vxPf0iMzFhHa9JLgTMZF4eNZUcgJkW9e95ksWs+3fgU=",
        "owner": "NixOS",
        "repo": "nixpkgs",
        "rev": "f7f7a46da674c475600742a43355bfd355b2b2a7",
        "type": "github"
      },
      "original": {
        "owner": "NixOS",
        "repo": "nixpkgs",
        "type": "github"
      }
    },
    "root": {
      "inputs": {
        "nixpkgs": "nixpkgs"
      }
    }
  },
  "root": "root",
  "version": 7
}
